
Microsoft Visual Studio Solution File, Format Version 12.00
# Visual Studio Version 17
VisualStudioVersion = 17.3.32811.315
MinimumVisualStudioVersion = 10.0.40219.1
Project("{9A19103F-16F7-4668-BE54-9A1E7A4F7556}") = "DapperCrud", "DapperCrud\DapperCrud.csproj", "{3318498C-5CE6-457B-B83B-FC9BAAEA5A71}"
EndProject
Global
	GlobalSection(SolutionConfigurationPlatforms) = preSolution
		Debug|Any CPU = Debug|Any CPU
		Release|Any CPU = Release|Any CPU
	EndGlobalSection
	GlobalSection(ProjectConfigurationPlatforms) = postSolution
		{3318498C-5CE6-457B-B83B-FC9BAAEA5A71}.Debug|Any CPU.ActiveCfg = Debug|Any CPU
		{3318498C-5CE6-457B-B83B-FC9BAAEA5A71}.Debug|Any CPU.Build.0 = Debug|Any CPU
		{3318498C-5CE6-457B-B83B-FC9BAAEA5A71}.Release|Any CPU.ActiveCfg = Release|Any CPU
		{3318498C-5CE6-457B-B83B-FC9BAAEA5A71}.Release|Any CPU.Build.0 = Release|Any CPU
	EndGlobalSection
	GlobalSection(SolutionProperties) = preSolution
		HideSolutionNode = FALSE
	EndGlobalSection
	GlobalSection(ExtensibilityGlobals) = postSolution
		SolutionGuid = {00CC17D9-D46B-445C-88FE-1E68708E1A05}
	EndGlobalSection
EndGlobal
